
Microsoft Visual Studio Solution File, Format Version 12.00
# Visual Studio Version 16
VisualStudioVersion = 16.0.31025.194
MinimumVisualStudioVersion = 10.0.40219.1
Project("{FAE04EC0-301F-11D3-BF4B-00C04F79EFBC}") = "TestCassDll", "TestCassDll\TestCassDll.csproj", "{684DC7C0-334B-4D8C-B981-000B4FE075A6}"
EndProject
Global
	GlobalSection(SolutionConfigurationPlatforms) = preSolution
		Debug|Any CPU = Debug|Any CPU
		Release|Any CPU = Release|Any CPU
	EndGlobalSection
	GlobalSection(ProjectConfigurationPlatforms) = postSolution
		{684DC7C0-334B-4D8C-B981-000B4FE075A6}.Debug|Any CPU.ActiveCfg = Debug|Any CPU
		{684DC7C0-334B-4D8C-B981-000B4FE075A6}.Debug|Any CPU.Build.0 = Debug|Any CPU
		{684DC7C0-334B-4D8C-B981-000B4FE075A6}.Release|Any CPU.ActiveCfg = Release|Any CPU
		{684DC7C0-334B-4D8C-B981-000B4FE075A6}.Release|Any CPU.Build.0 = Release|Any CPU
	EndGlobalSection
	GlobalSection(SolutionProperties) = preSolution
		HideSolutionNode = FALSE
	EndGlobalSection
	GlobalSection(ExtensibilityGlobals) = postSolution
		SolutionGuid = {3359C988-72EC-4A78-B4D9-58D8FDC69C74}
	EndGlobalSection
EndGlobal
